{
  "name": "ev-safecharge",
  "version": "0.1.0",
  "lockfileVersion": 3,
  "requires": true,
  "packages": {
    "": {
      "name": "ev-safecharge",
      "version": "0.1.0",
      "workspaces": [
        "apps/*",
        "packages/*"
      ]
    },
    "apps/api": {
      "name": "@ev-safecharge/api",
      "version": "0.1.0"
    },
    "apps/web": {
      "name": "@ev-safecharge/web",
      "version": "0.1.0"
    },
    "node_modules/@ev-safecharge/api": {
      "resolved": "apps/api",
      "link": true
    },
    "node_modules/@ev-safecharge/recommendation-core": {
      "resolved": "packages/recommendation-core",
      "link": true
    },
    "node_modules/@ev-safecharge/shared-types": {
      "resolved": "packages/shared-types",
      "link": true
    },
    "node_modules/@ev-safecharge/web": {
      "resolved": "apps/web",
      "link": true
    },
    "packages/recommendation-core": {
      "name": "@ev-safecharge/recommendation-core",
      "version": "0.1.0"
    },
    "packages/shared-types": {
      "name": "@ev-safecharge/shared-types",
      "version": "0.1.0"
    }
  }
}
